
Microsoft Visual Studio Solution File, Format Version 12.00
# Visual Studio Version 17
VisualStudioVersion = 17.0.31903.59
MinimumVisualStudioVersion = 10.0.40219.1
Project("{FAE04EC0-301F-11D3-BF4B-00C04F79EFBC}") = "001_Explore_Linq", "001_Explore_Linq\001_Explore_Linq.csproj", "{2FD7A2D9-B88C-4C03-A2F9-223EBE04A52E}"
EndProject
Project("{FAE04EC0-301F-11D3-BF4B-00C04F79EFBC}") = "002_Linq_Join", "002_Linq_Join\002_Linq_Join.csproj", "{63B8144F-A116-4207-B547-4A7030E1B533}"
EndProject
Global
	GlobalSection(SolutionConfigurationPlatforms) = preSolution
		Debug|Any CPU = Debug|Any CPU
		Release|Any CPU = Release|Any CPU
	EndGlobalSection
	GlobalSection(SolutionProperties) = preSolution
		HideSolutionNode = FALSE
	EndGlobalSection
	GlobalSection(ProjectConfigurationPlatforms) = postSolution
		{2FD7A2D9-B88C-4C03-A2F9-223EBE04A52E}.Debug|Any CPU.ActiveCfg = Debug|Any CPU
		{2FD7A2D9-B88C-4C03-A2F9-223EBE04A52E}.Debug|Any CPU.Build.0 = Debug|Any CPU
		{2FD7A2D9-B88C-4C03-A2F9-223EBE04A52E}.Release|Any CPU.ActiveCfg = Release|Any CPU
		{2FD7A2D9-B88C-4C03-A2F9-223EBE04A52E}.Release|Any CPU.Build.0 = Release|Any CPU
		{63B8144F-A116-4207-B547-4A7030E1B533}.Debug|Any CPU.ActiveCfg = Debug|Any CPU
		{63B8144F-A116-4207-B547-4A7030E1B533}.Debug|Any CPU.Build.0 = Debug|Any CPU
		{63B8144F-A116-4207-B547-4A7030E1B533}.Release|Any CPU.ActiveCfg = Release|Any CPU
		{63B8144F-A116-4207-B547-4A7030E1B533}.Release|Any CPU.Build.0 = Release|Any CPU
	EndGlobalSection
EndGlobal
